// !$*UTF8*$!
{
	archiveVersion = 1;
	classes = {
	};
	objectVersion = 46;
	objects = {

/* Begin PBXBuildFile section */
		5B71F8E31D79E54F009D3DEC /* AppDelegate.swift in Sources */ = {isa = PBXBuildFile; fileRef = 5B71F8E21D79E54F009D3DEC /* AppDelegate.swift */; };
		5B71F8E51D79E54F009D3DEC /* ViewController.swift in Sources */ = {isa = PBXBuildFile; fileRef = 5B71F8E41D79E54F009D3DEC /* ViewController.swift */; };
		5B71F8E81D79E54F009D3DEC /* Main.storyboard in Resources */ = {isa = PBXBuildFile; fileRef = 5B71F8E61D79E54F009D3DEC /* Main.storyboard */; };
		5B71F8EA1D79E54F009D3DEC /* Assets.xcassets in Resources */ = {isa = PBXBuildFile; fileRef = 5B71F8E91D79E54F009D3DEC /* Assets.xcassets */; };
		5B71F8ED1D79E54F009D3DEC /* LaunchScreen.storyboard in Resources */ = {isa = PBXBuildFile; fileRef = 5B71F8EB1D79E54F009D3DEC /* LaunchScreen.storyboard */; };
/* End PBXBuildFile section */

/* Begin PBXFileReference section */
		5B71F8DF1D79E54F009D3DEC /* SuckItTrebek.app */ = {isa = PBXFileReference; explicitFileType = wrapper.application; includeInIndex = 0; path = SuckItTrebek.app; sourceTree = BUILT_PRODUCTS_DIR; };
		5B71F8E21D79E54F009D3DEC /* AppDelegate.swift */ = {isa = PBXFileReference; lastKnownFileType = sourcecode.swift; path = AppDelegate.swift; sourceTree = "<group>"; };
		5B71F8E41D79E54F009D3DEC /* ViewController.swift */ = {isa = PBXFileReference; lastKnownFileType = sourcecode.swift; path = ViewController.swift; sourceTree = "<group>"; };
		5B71F8E71D79E54F009D3DEC /* Base */ = {isa = PBXFileReference; lastKnownFileType = file.storyboard; name = Base; path = Base.lproj/Main.storyboard; sourceTree = "<group>"; };
		5B71F8E91D79E54F009D3DEC /* Assets.xcassets */ = {isa = PBXFileReference; lastKnownFileType = folder.assetcatalog; path = Assets.xcassets; sourceTree = "<group>"; };
		5B71F8EC1D79E54F009D3DEC /* Base */ = {isa = PBXFileReference; lastKnownFileType = file.storyboard; name = Base; path = Base.lproj/LaunchScreen.storyboard; sourceTree = "<group>"; };
		5B71F8EE1D79E54F009D3DEC /* Info.plist */ = {isa = PBXFileReference; lastKnownFileType = text.plist.xml; path = Info.plist; sourceTree = "<group>"; };
/* End PBXFileReference section */

/* Begin PBXFrameworksBuildPhase section */
		5B71F8DC1D79E54F009D3DEC /* Frameworks */ = {
			isa = PBXFrameworksBuildPhase;
			buildActionMask = 2147483647;
			files = (
			);
			runOnlyForDeploymentPostprocessing = 0;
		};
/* End PBXFrameworksBuildPhase section */

/* Begin PBXGroup section */
		5B71F8D61D79E54E009D3DEC = {
			isa = PBXGroup;
			children = (
				5B71F8E11D79E54F009D3DEC /* SuckItTrebek */,
				5B71F8E01D79E54F009D3DEC /* Products */,
			);
			sourceTree = "<group>";
		};
		5B71F8E01D79E54F009D3DEC /* Products */ = {
			isa = PBXGroup;
			children = (
				5B71F8DF1D79E54F009D3DEC /* SuckItTrebek.app */,
			);
			name = Products;
			sourceTree = "<group>";
		};
		5B71F8E11D79E54F009D3DEC /* SuckItTrebek */ = {
			isa = PBXGroup;
			children = (
				5B71F8E21D79E54F009D3DEC /* AppDelegate.swift */,
				5B71F8E41D79E54F009D3DEC /* ViewController.swift */,
				5B71F8E61D79E54F009D3DEC /* Main.storyboard */,
				5B71F8E91D79E54F009D3DEC /* Assets.xcassets */,
				5B71F8EB1D79E54F009D3DEC /* LaunchScreen.storyboard */,
				5B71F8EE1D79E54F009D3DEC /* Info.plist */,
			);
			path = SuckItTrebek;
			sourceTree = "<group>";
		};
/* End PBXGroup section */

/* Begin PBXNativeTarget section */
		5B71F8DE1D79E54F009D3DEC /* SuckItTrebek */ = {
			isa = PBXNativeTarget;
			buildConfigurationList = 5B71F8F11D79E54F009D3DEC /* Build configuration list for PBXNativeTarget "SuckItTrebek" */;
			buildPhases = (
				5B71F8DB1D79E54F009D3DEC /* Sources */,
				5B71F8DC1D79E54F009D3DEC /* Frameworks */,
				5B71F8DD1D79E54F009D3DEC /* Resources */,
			);
			buildRules = (
			);
			dependencies = (
			);
			name = SuckItTrebek;
			productName = SuckItTrebek;
			productReference = 5B71F8DF1D79E54F009D3DEC /* SuckItTrebek.app */;
			productType = "com.apple.product-type.application";
		};
/* End PBXNativeTarget section */

/* Begin PBXProject section */
		5B71F8D71D79E54E009D3DEC /* Project object */ = {
			isa = PBXProject;
			attributes = {
				LastSwiftUpdateCheck = 0730;
				LastUpgradeCheck = 0730;
				ORGANIZATIONNAME = "The Iron Yard";
				TargetAttributes = {
					5B71F8DE1D79E54F009D3DEC = {
						CreatedOnToolsVersion = 7.3.1;
					};
				};
			};
			buildConfigurationList = 5B71F8DA1D79E54E009D3DEC /* Build configuration list for PBXProject "SuckItTrebek" */;
			compatibilityVersion = "Xcode 3.2";
			developmentRegion = English;
			hasScannedForEncodings = 0;
			knownRegions = (
				en,
				Base,
			);
			mainGroup = 5B71F8D61D79E54E009D3DEC;
			productRefGroup = 5B71F8E01D79E54F009D3DEC /* Products */;
			projectDirPath = "";
			projectRoot = "";
			targets = (
				5B71F8DE1D79E54F009D3DEC /* SuckItTrebek */,
			);
		};
/* End PBXProject section */

/* Begin PBXResourcesBuildPhase section */
		5B71F8DD1D79E54F009D3DEC /* Resources */ = {
			isa = PBXResourcesBuildPhase;
			buildActionMask = 2147483647;
			files = (
				5B71F8ED1D79E54F009D3DEC /* LaunchScreen.storyboard in Resources */,
				5B71F8EA1D79E54F009D3DEC /* Assets.xcassets in Resources */,
				5B71F8E81D79E54F009D3DEC /* Main.storyboard in Resources */,
			);
			runOnlyForDeploymentPostprocessing = 0;
		};
/* End PBXResourcesBuildPhase section */

/* Begin PBXSourcesBuildPhase section */
		5B71F8DB1D79E54F009D3DEC /* Sources */ = {
			isa = PBXSourcesBuildPhase;
			buildActionMask = 2147483647;
			files = (
				5B71F8E51D79E54F009D3DEC /* ViewController.swift in Sources */,
				5B71F8E31D79E54F009D3DEC /* AppDelegate.swift in Sources */,
			);
			runOnlyForDeploymentPostprocessing = 0;
		};
/* End PBXSourcesBuildPhase section */

/* Begin PBXVariantGroup section */
		5B71F8E61D79E54F009D3DEC /* Main.storyboard */ = {
			isa = PBXVariantGroup;
			children = (
				5B71F8E71D79E54F009D3DEC /* Base */,
			);
			name = Main.storyboard;
			sourceTree = "<group>";
		};
		5B71F8EB1D79E54F009D3DEC /* LaunchScreen.storyboard */ = {
			isa = PBXVariantGroup;
			children = (
				5B71F8EC1D79E54F009D3DEC /* Base */,
			);
			name = LaunchScreen.storyboard;
			sourceTree = "<group>";
		};
/* End PBXVariantGroup section */

/* Begin XCBuildConfiguration section */
		5B71F8EF1D79E54F009D3DEC /* Debug */ = {
			isa = XCBuildConfiguration;
			buildSettings = {
				ALWAYS_SEARCH_USER_PATHS = NO;
				CLANG_ANALYZER_NONNULL = YES;
				CLANG_CXX_LANGUAGE_STANDARD = "gnu++0x";
				CLANG_CXX_LIBRARY = "libc++";
				CLANG_ENABLE_MODULES = YES;
				CLANG_ENABLE_OBJC_ARC = YES;
				CLANG_WARN_BOOL_CONVERSION = YES;
				CLANG_WARN_CONSTANT_CONVERSION = YES;
				CLANG_WARN_DIRECT_OBJC_ISA_USAGE = YES_ERROR;
				CLANG_WARN_EMPTY_BODY = YES;
				CLANG_WARN_ENUM_CONVERSION = YES;
				CLANG_WARN_INT_CONVERSION = YES;
				CLANG_WARN_OBJC_ROOT_CLASS = YES_ERROR;
				CLANG_WARN_UNREACHABLE_CODE = YES;
				CLANG_WARN__DUPLICATE_METHOD_MATCH = YES;
				"CODE_SIGN_IDENTITY[sdk=iphoneos*]" = "iPhone Developer";
				COPY_PHASE_STRIP = NO;
				DEBUG_INFORMATION_FORMAT = dwarf;
				ENABLE_STRICT_OBJC_MSGSEND = YES;
				ENABLE_TESTABILITY = YES;
				GCC_C_LANGUAGE_STANDARD = gnu99;
				GCC_DYNAMIC_NO_PIC = NO;
				GCC_NO_COMMON_BLOCKS = YES;
				GCC_OPTIMIZATION_LEVEL = 0;
				GCC_PREPROCESSOR_DEFINITIONS = (
					"DEBUG=1",
					"$(inherited)",
				);
				GCC_WARN_64_TO_32_BIT_CONVERSION = YES;
				GCC_WARN_ABOUT_RETURN_TYPE = YES_ERROR;
				GCC_WARN_UNDECLARED_SELECTOR = YES;
				GCC_WARN_UNINITIALIZED_AUTOS = YES_AGGRESSIVE;
				GCC_WARN_UNUSED_FUNCTION = YES;
				GCC_WARN_UNUSED_VARIABLE = YES;
				IPHONEOS_DEPLOYMENT_TARGET = 9.3;
				MTL_ENABLE_DEBUG_INFO = YES;
				ONLY_ACTIVE_ARCH = YES;
				SDKROOT = iphoneos;
				SWIFT_OPTIMIZATION_LEVEL = "-Onone";
			};
			name = Debug;
		};
		5B71F8F01D79E54F009D3DEC /* Release */ = {
			isa = XCBuildConfiguration;
			buildSettings = {
				ALWAYS_SEARCH_USER_PATHS = NO;
				CLANG_ANALYZER_NONNULL = YES;
				CLANG_CXX_LANGUAGE_STANDARD = "gnu++0x";
				CLANG_CXX_LIBRARY = "libc++";
				CLANG_ENABLE_MODULES = YES;
				CLANG_ENABLE_OBJC_ARC = YES;
				CLANG_WARN_BOOL_CONVERSION = YES;
				CLANG_WARN_CONSTANT_CONVERSION = YES;
				CLANG_WARN_DIRECT_OBJC_ISA_USAGE = YES_ERROR;
				CLANG_WARN_EMPTY_BODY = YES;
				CLANG_WARN_ENUM_CONVERSION = YES;
				CLANG_WARN_INT_CONVERSION = YES;
				CLANG_WARN_OBJC_ROOT_CLASS = YES_ERROR;
				CLANG_WARN_UNREACHABLE_CODE = YES;
				CLANG_WARN__DUPLICATE_METHOD_MATCH = YES;
				"CODE_SIGN_IDENTITY[sdk=iphoneos*]" = "iPhone Developer";
				COPY_PHASE_STRIP = NO;
				DEBUG_INFORMATION_FORMAT = "dwarf-with-dsym";
				ENABLE_NS_ASSERTIONS = NO;
				ENABLE_STRICT_OBJC_MSGSEND = YES;
				GCC_C_LANGUAGE_STANDARD = gnu99;
				GCC_NO_COMMON_BLOCKS = YES;
				GCC_WARN_64_TO_32_BIT_CONVERSION = YES;
				GCC_WARN_ABOUT_RETURN_TYPE = YES_ERROR;
				GCC_WARN_UNDECLARED_SELECTOR = YES;
				GCC_WARN_UNINITIALIZED_AUTOS = YES_AGGRESSIVE;
				GCC_WARN_UNUSED_FUNCTION = YES;
				GCC_WARN_UNUSED_VARIABLE = YES;
				IPHONEOS_DEPLOYMENT_TARGET = 9.3;
				MTL_ENABLE_DEBUG_INFO = NO;
				SDKROOT = iphoneos;
				VALIDATE_PRODUCT = YES;
			};
			name = Release;
		};
		5B71F8F21D79E54F009D3DEC /* Debug */ = {
			isa = XCBuildConfiguration;
			buildSettings = {
				ASSETCATALOG_COMPILER_APPICON_NAME = AppIcon;
				INFOPLIST_FILE = SuckItTrebek/Info.plist;
				LD_RUNPATH_SEARCH_PATHS = "$(inherited) @executable_path/Frameworks";
				PRODUCT_BUNDLE_IDENTIFIER = com.tiy.SuckItTrebek;
				PRODUCT_NAME = "$(TARGET_NAME)";
			};
			name = Debug;
		};
		5B71F8F31D79E54F009D3DEC /* Release */ = {
			isa = XCBuildConfiguration;
			buildSettings = {
				ASSETCATALOG_COMPILER_APPICON_NAME = AppIcon;
				INFOPLIST_FILE = SuckItTrebek/Info.plist;
				LD_RUNPATH_SEARCH_PATHS = "$(inherited) @executable_path/Frameworks";
				PRODUCT_BUNDLE_IDENTIFIER = com.tiy.SuckItTrebek;
				PRODUCT_NAME = "$(TARGET_NAME)";
			};
			name = Release;
		};
/* End XCBuildConfiguration section */

/* Begin XCConfigurationList section */
		5B71F8DA1D79E54E009D3DEC /* Build configuration list for PBXProject "SuckItTrebek" */ = {
			isa = XCConfigurationList;
			buildConfigurations = (
				5B71F8EF1D79E54F009D3DEC /* Debug */,
				5B71F8F01D79E54F009D3DEC /* Release */,
			);
			defaultConfigurationIsVisible = 0;
			defaultConfigurationName = Release;
		};
		5B71F8F11D79E54F009D3DEC /* Build configuration list for PBXNativeTarget "SuckItTrebek" */ = {
			isa = XCConfigurationList;
			buildConfigurations = (
				5B71F8F21D79E54F009D3DEC /* Debug */,
				5B71F8F31D79E54F009D3DEC /* Release */,
			);
			defaultConfigurationIsVisible = 0;
		};
/* End XCConfigurationList section */
	};
	rootObject = 5B71F8D71D79E54E009D3DEC /* Project object */;
}
